Microsoft Visual Studio Solution File, Format Version 12.00
# Visual Studio 15
Project("{8BC9CEB8-8B4A-11D0-8D11-00A0C91BC942}") = "ALL_BUILD", "ALL_BUILD.vcxproj", "{59E31599-8798-363D-81F9-0BFFB03229D9}"
	ProjectSection(ProjectDependencies) = postProject
		{4CC24F8F-7C7C-350E-8BF5-61736A1F5CB1} = {4CC24F8F-7C7C-350E-8BF5-61736A1F5CB1}
		{F5CC4B09-1A72-3829-86EB-60C516604333} = {F5CC4B09-1A72-3829-86EB-60C516604333}
	EndProjectSection
EndProject
Project("{8BC9CEB8-8B4A-11D0-8D11-00A0C91BC942}") = "LizardGraphics", "LizardGraphics.vcxproj", "{4CC24F8F-7C7C-350E-8BF5-61736A1F5CB1}"
	ProjectSection(ProjectDependencies) = postProject
		{F5CC4B09-1A72-3829-86EB-60C516604333} = {F5CC4B09-1A72-3829-86EB-60C516604333}
	EndProjectSection
EndProject
Project("{8BC9CEB8-8B4A-11D0-8D11-00A0C91BC942}") = "ZERO_CHECK", "..\\ZERO_CHECK.vcxproj", "{F5CC4B09-1A72-3829-86EB-60C516604333}"
	ProjectSection(ProjectDependencies) = postProject
	EndProjectSection
EndProject
Global
	GlobalSection(SolutionConfigurationPlatforms) = preSolution
		Debug|x64 = Debug|x64
		Release|x64 = Release|x64
		MinSizeRel|x64 = MinSizeRel|x64
		RelWithDebInfo|x64 = RelWithDebInfo|x64
	EndGlobalSection
	GlobalSection(ProjectConfigurationPlatforms) = postSolution
		{59E31599-8798-363D-81F9-0BFFB03229D9}.Debug|x64.ActiveCfg = Debug|x64
		{59E31599-8798-363D-81F9-0BFFB03229D9}.Release|x64.ActiveCfg = Release|x64
		{59E31599-8798-363D-81F9-0BFFB03229D9}.MinSizeRel|x64.ActiveCfg = MinSizeRel|x64
		{59E31599-8798-363D-81F9-0BFFB03229D9}.RelWithDebInfo|x64.ActiveCfg = RelWithDebInfo|x64
		{4CC24F8F-7C7C-350E-8BF5-61736A1F5CB1}.Debug|x64.ActiveCfg = Debug|x64
		{4CC24F8F-7C7C-350E-8BF5-61736A1F5CB1}.Debug|x64.Build.0 = Debug|x64
		{4CC24F8F-7C7C-350E-8BF5-61736A1F5CB1}.Release|x64.ActiveCfg = Release|x64
		{4CC24F8F-7C7C-350E-8BF5-61736A1F5CB1}.Release|x64.Build.0 = Release|x64
		{4CC24F8F-7C7C-350E-8BF5-61736A1F5CB1}.MinSizeRel|x64.ActiveCfg = MinSizeRel|x64
		{4CC24F8F-7C7C-350E-8BF5-61736A1F5CB1}.MinSizeRel|x64.Build.0 = MinSizeRel|x64
		{4CC24F8F-7C7C-350E-8BF5-61736A1F5CB1}.RelWithDebInfo|x64.ActiveCfg = RelWithDebInfo|x64
		{4CC24F8F-7C7C-350E-8BF5-61736A1F5CB1}.RelWithDebInfo|x64.Build.0 = RelWithDebInfo|x64
		{F5CC4B09-1A72-3829-86EB-60C516604333}.Debug|x64.ActiveCfg = Debug|x64
		{F5CC4B09-1A72-3829-86EB-60C516604333}.Debug|x64.Build.0 = Debug|x64
		{F5CC4B09-1A72-3829-86EB-60C516604333}.Release|x64.ActiveCfg = Release|x64
		{F5CC4B09-1A72-3829-86EB-60C516604333}.Release|x64.Build.0 = Release|x64
		{F5CC4B09-1A72-3829-86EB-60C516604333}.MinSizeRel|x64.ActiveCfg = MinSizeRel|x64
		{F5CC4B09-1A72-3829-86EB-60C516604333}.MinSizeRel|x64.Build.0 = MinSizeRel|x64
		{F5CC4B09-1A72-3829-86EB-60C516604333}.RelWithDebInfo|x64.ActiveCfg = RelWithDebInfo|x64
		{F5CC4B09-1A72-3829-86EB-60C516604333}.RelWithDebInfo|x64.Build.0 = RelWithDebInfo|x64
	EndGlobalSection
	GlobalSection(ExtensibilityGlobals) = postSolution
		SolutionGuid = {34750C27-84DE-35F1-B3AC-AD9828A5F1B8}
	EndGlobalSection
	GlobalSection(ExtensibilityAddIns) = postSolution
	EndGlobalSection
EndGlobal
